
Microsoft Visual Studio Solution File, Format Version 12.00
# Visual Studio 2012
Project("{F184B08F-C81C-45F6-A57F-5ABD9991F28F}") = "EXP19Inheritance", "EXP19Inheritance\EXP19Inheritance.vbproj", "{18CD43D1-9CEB-4658-93E9-6C483C397B82}"
EndProject
Global
	GlobalSection(SolutionConfigurationPlatforms) = preSolution
		Debug|Any CPU = Debug|Any CPU
		Release|Any CPU = Release|Any CPU
	EndGlobalSection
	GlobalSection(ProjectConfigurationPlatforms) = postSolution
		{18CD43D1-9CEB-4658-93E9-6C483C397B82}.Debug|Any CPU.ActiveCfg = Debug|Any CPU
		{18CD43D1-9CEB-4658-93E9-6C483C397B82}.Debug|Any CPU.Build.0 = Debug|Any CPU
		{18CD43D1-9CEB-4658-93E9-6C483C397B82}.Release|Any CPU.ActiveCfg = Release|Any CPU
		{18CD43D1-9CEB-4658-93E9-6C483C397B82}.Release|Any CPU.Build.0 = Release|Any CPU
	EndGlobalSection
	GlobalSection(SolutionProperties) = preSolution
		HideSolutionNode = FALSE
	EndGlobalSection
EndGlobal
