
Microsoft Visual Studio Solution File, Format Version 12.00
# Visual Studio 2012
Project("{F184B08F-C81C-45F6-A57F-5ABD9991F28F}") = "EXP$DrivingCar", "EXP$DrivingCar\EXP$DrivingCar.vbproj", "{80A1E9D2-E7C2-41ED-92C5-1743731B13D6}"
EndProject
Global
	GlobalSection(SolutionConfigurationPlatforms) = preSolution
		Debug|Any CPU = Debug|Any CPU
		Release|Any CPU = Release|Any CPU
	EndGlobalSection
	GlobalSection(ProjectConfigurationPlatforms) = postSolution
		{80A1E9D2-E7C2-41ED-92C5-1743731B13D6}.Debug|Any CPU.ActiveCfg = Debug|Any CPU
		{80A1E9D2-E7C2-41ED-92C5-1743731B13D6}.Debug|Any CPU.Build.0 = Debug|Any CPU
		{80A1E9D2-E7C2-41ED-92C5-1743731B13D6}.Release|Any CPU.ActiveCfg = Release|Any CPU
		{80A1E9D2-E7C2-41ED-92C5-1743731B13D6}.Release|Any CPU.Build.0 = Release|Any CPU
	EndGlobalSection
	GlobalSection(SolutionProperties) = preSolution
		HideSolutionNode = FALSE
	EndGlobalSection
EndGlobal
