
Microsoft Visual Studio Solution File, Format Version 12.00
# Visual Studio 2012
Project("{F184B08F-C81C-45F6-A57F-5ABD9991F28F}") = "helloWorld", "helloWorld\helloWorld.vbproj", "{C91F4C3A-6A19-4F42-94E6-C33ABA33F116}"
EndProject
Global
	GlobalSection(SolutionConfigurationPlatforms) = preSolution
		Debug|Any CPU = Debug|Any CPU
		Release|Any CPU = Release|Any CPU
	EndGlobalSection
	GlobalSection(ProjectConfigurationPlatforms) = postSolution
		{C91F4C3A-6A19-4F42-94E6-C33ABA33F116}.Debug|Any CPU.ActiveCfg = Debug|Any CPU
		{C91F4C3A-6A19-4F42-94E6-C33ABA33F116}.Debug|Any CPU.Build.0 = Debug|Any CPU
		{C91F4C3A-6A19-4F42-94E6-C33ABA33F116}.Release|Any CPU.ActiveCfg = Release|Any CPU
		{C91F4C3A-6A19-4F42-94E6-C33ABA33F116}.Release|Any CPU.Build.0 = Release|Any CPU
	EndGlobalSection
	GlobalSection(SolutionProperties) = preSolution
		HideSolutionNode = FALSE
	EndGlobalSection
EndGlobal
